
Microsoft Visual Studio Solution File, Format Version 12.00
# Visual Studio Version 16
VisualStudioVersion = 16.0.31205.134
MinimumVisualStudioVersion = 10.0.40219.1
Project("{FAE04EC0-301F-11D3-BF4B-00C04F79EFBC}") = "MiPrimerProyecto", "MiPrimerProyecto\MiPrimerProyecto.csproj", "{EFB145BB-0AF5-4724-A899-5AF26C3CCDF3}"
EndProject
Global
	GlobalSection(SolutionConfigurationPlatforms) = preSolution
		Debug|Any CPU = Debug|Any CPU
		Release|Any CPU = Release|Any CPU
	EndGlobalSection
	GlobalSection(ProjectConfigurationPlatforms) = postSolution
		{EFB145BB-0AF5-4724-A899-5AF26C3CCDF3}.Debug|Any CPU.ActiveCfg = Debug|Any CPU
		{EFB145BB-0AF5-4724-A899-5AF26C3CCDF3}.Debug|Any CPU.Build.0 = Debug|Any CPU
		{EFB145BB-0AF5-4724-A899-5AF26C3CCDF3}.Release|Any CPU.ActiveCfg = Release|Any CPU
		{EFB145BB-0AF5-4724-A899-5AF26C3CCDF3}.Release|Any CPU.Build.0 = Release|Any CPU
	EndGlobalSection
	GlobalSection(SolutionProperties) = preSolution
		HideSolutionNode = FALSE
	EndGlobalSection
	GlobalSection(ExtensibilityGlobals) = postSolution
		SolutionGuid = {8B3CB54D-234A-4837-9522-A04EB56D9330}
	EndGlobalSection
EndGlobal
